// !$*UTF8*$!
{
	archiveVersion = 1;
	classes = {
	};
	objectVersion = 50;
	objects = {

/* Begin PBXBuildFile section */
		C745FDA22360478E0066A472 /* LaunchScreen.storyboard in Resources */ = {isa = PBXBuildFile; fileRef = C745FDA12360478E0066A472 /* LaunchScreen.storyboard */; };
		C7E70177235F31FE00D653DE /* AppDelegate.swift in Sources */ = {isa = PBXBuildFile; fileRef = C7E70176235F31FE00D653DE /* AppDelegate.swift */; };
		C7E7017D235F31FF00D653DE /* Assets.xcassets in Resources */ = {isa = PBXBuildFile; fileRef = C7E7017C235F31FF00D653DE /* Assets.xcassets */; };
		C7E70180235F31FF00D653DE /* Preview Assets.xcassets in Resources */ = {isa = PBXBuildFile; fileRef = C7E7017F235F31FF00D653DE /* Preview Assets.xcassets */; };
		C7E7018E235F31FF00D653DE /* cv_corentinTests.swift in Sources */ = {isa = PBXBuildFile; fileRef = C7E7018D235F31FF00D653DE /* cv_corentinTests.swift */; };
		C7E70199235F31FF00D653DE /* cv_corentinUITests.swift in Sources */ = {isa = PBXBuildFile; fileRef = C7E70198235F31FF00D653DE /* cv_corentinUITests.swift */; };
		C7E701A7235F339C00D653DE /* CustomTabBar.swift in Sources */ = {isa = PBXBuildFile; fileRef = C7E701A6235F339C00D653DE /* CustomTabBar.swift */; };
/* End PBXBuildFile section */

/* Begin PBXContainerItemProxy section */
		C7E7018A235F31FF00D653DE /* PBXContainerItemProxy */ = {
			isa = PBXContainerItemProxy;
			containerPortal = C7E7016B235F31FE00D653DE /* Project object */;
			proxyType = 1;
			remoteGlobalIDString = C7E70172235F31FE00D653DE;
			remoteInfo = "cv-corentin";
		};
		C7E70195235F31FF00D653DE /* PBXContainerItemProxy */ = {
			isa = PBXContainerItemProxy;
			containerPortal = C7E7016B235F31FE00D653DE /* Project object */;
			proxyType = 1;
			remoteGlobalIDString = C7E70172235F31FE00D653DE;
			remoteInfo = "cv-corentin";
		};
/* End PBXContainerItemProxy section */

/* Begin PBXFileReference section */
		C745FDA12360478E0066A472 /* LaunchScreen.storyboard */ = {isa = PBXFileReference; fileEncoding = 4; lastKnownFileType = file.storyboard; path = LaunchScreen.storyboard; sourceTree = "<group>"; };
		C7E70173235F31FE00D653DE /* cv-corentin.app */ = {isa = PBXFileReference; explicitFileType = wrapper.application; includeInIndex = 0; path = "cv-corentin.app"; sourceTree = BUILT_PRODUCTS_DIR; };
		C7E70176235F31FE00D653DE /* AppDelegate.swift */ = {isa = PBXFileReference; lastKnownFileType = sourcecode.swift; path = AppDelegate.swift; sourceTree = "<group>"; };
		C7E7017C235F31FF00D653DE /* Assets.xcassets */ = {isa = PBXFileReference; lastKnownFileType = folder.assetcatalog; path = Assets.xcassets; sourceTree = "<group>"; };
		C7E7017F235F31FF00D653DE /* Preview Assets.xcassets */ = {isa = PBXFileReference; lastKnownFileType = folder.assetcatalog; path = "Preview Assets.xcassets"; sourceTree = "<group>"; };
		C7E70184235F31FF00D653DE /* Info.plist */ = {isa = PBXFileReference; lastKnownFileType = text.plist.xml; path = Info.plist; sourceTree = "<group>"; };
		C7E70189235F31FF00D653DE /* cv-corentinTests.xctest */ = {isa = PBXFileReference; explicitFileType = wrapper.cfbundle; includeInIndex = 0; path = "cv-corentinTests.xctest"; sourceTree = BUILT_PRODUCTS_DIR; };
		C7E7018D235F31FF00D653DE /* cv_corentinTests.swift */ = {isa = PBXFileReference; lastKnownFileType = sourcecode.swift; path = cv_corentinTests.swift; sourceTree = "<group>"; };
		C7E7018F235F31FF00D653DE /* Info.plist */ = {isa = PBXFileReference; lastKnownFileType = text.plist.xml; path = Info.plist; sourceTree = "<group>"; };
		C7E70194235F31FF00D653DE /* cv-corentinUITests.xctest */ = {isa = PBXFileReference; explicitFileType = wrapper.cfbundle; includeInIndex = 0; path = "cv-corentinUITests.xctest"; sourceTree = BUILT_PRODUCTS_DIR; };
		C7E70198235F31FF00D653DE /* cv_corentinUITests.swift */ = {isa = PBXFileReference; lastKnownFileType = sourcecode.swift; path = cv_corentinUITests.swift; sourceTree = "<group>"; };
		C7E7019A235F31FF00D653DE /* Info.plist */ = {isa = PBXFileReference; lastKnownFileType = text.plist.xml; path = Info.plist; sourceTree = "<group>"; };
		C7E701A6235F339C00D653DE /* CustomTabBar.swift */ = {isa = PBXFileReference; lastKnownFileType = sourcecode.swift; path = CustomTabBar.swift; sourceTree = "<group>"; };
/* End PBXFileReference section */

/* Begin PBXFrameworksBuildPhase section */
		C7E70170235F31FE00D653DE /* Frameworks */ = {
			isa = PBXFrameworksBuildPhase;
			buildActionMask = 2147483647;
			files = (
			);
			runOnlyForDeploymentPostprocessing = 0;
		};
		C7E70186235F31FF00D653DE /* Frameworks */ = {
			isa = PBXFrameworksBuildPhase;
			buildActionMask = 2147483647;
			files = (
			);
			runOnlyForDeploymentPostprocessing = 0;
		};
		C7E70191235F31FF00D653DE /* Frameworks */ = {
			isa = PBXFrameworksBuildPhase;
			buildActionMask = 2147483647;
			files = (
			);
			runOnlyForDeploymentPostprocessing = 0;
		};
/* End PBXFrameworksBuildPhase section */

/* Begin PBXGroup section */
		C7E7016A235F31FE00D653DE = {
			isa = PBXGroup;
			children = (
				C7E70175235F31FE00D653DE /* cv-corentin */,
				C7E7018C235F31FF00D653DE /* cv-corentinTests */,
				C7E70197235F31FF00D653DE /* cv-corentinUITests */,
				C7E70174235F31FE00D653DE /* Products */,
			);
			sourceTree = "<group>";
		};
		C7E70174235F31FE00D653DE /* Products */ = {
			isa = PBXGroup;
			children = (
				C7E70173235F31FE00D653DE /* cv-corentin.app */,
				C7E70189235F31FF00D653DE /* cv-corentinTests.xctest */,
				C7E70194235F31FF00D653DE /* cv-corentinUITests.xctest */,
			);
			name = Products;
			sourceTree = "<group>";
		};
		C7E70175235F31FE00D653DE /* cv-corentin */ = {
			isa = PBXGroup;
			children = (
				C7E70176235F31FE00D653DE /* AppDelegate.swift */,
				C7E701A6235F339C00D653DE /* CustomTabBar.swift */,
				C7E7017C235F31FF00D653DE /* Assets.xcassets */,
				C745FDA12360478E0066A472 /* LaunchScreen.storyboard */,
				C7E70184235F31FF00D653DE /* Info.plist */,
				C7E7017E235F31FF00D653DE /* Preview Content */,
			);
			path = "cv-corentin";
			sourceTree = "<group>";
		};
		C7E7017E235F31FF00D653DE /* Preview Content */ = {
			isa = PBXGroup;
			children = (
				C7E7017F235F31FF00D653DE /* Preview Assets.xcassets */,
			);
			path = "Preview Content";
			sourceTree = "<group>";
		};
		C7E7018C235F31FF00D653DE /* cv-corentinTests */ = {
			isa = PBXGroup;
			children = (
				C7E7018D235F31FF00D653DE /* cv_corentinTests.swift */,
				C7E7018F235F31FF00D653DE /* Info.plist */,
			);
			path = "cv-corentinTests";
			sourceTree = "<group>";
		};
		C7E70197235F31FF00D653DE /* cv-corentinUITests */ = {
			isa = PBXGroup;
			children = (
				C7E70198235F31FF00D653DE /* cv_corentinUITests.swift */,
				C7E7019A235F31FF00D653DE /* Info.plist */,
			);
			path = "cv-corentinUITests";
			sourceTree = "<group>";
		};
/* End PBXGroup section */

/* Begin PBXNativeTarget section */
		C7E70172235F31FE00D653DE /* cv-corentin */ = {
			isa = PBXNativeTarget;
			buildConfigurationList = C7E7019D235F31FF00D653DE /* Build configuration list for PBXNativeTarget "cv-corentin" */;
			buildPhases = (
				C7E7016F235F31FE00D653DE /* Sources */,
				C7E70170235F31FE00D653DE /* Frameworks */,
				C7E70171235F31FE00D653DE /* Resources */,
			);
			buildRules = (
			);
			dependencies = (
			);
			name = "cv-corentin";
			productName = "cv-corentin";
			productReference = C7E70173235F31FE00D653DE /* cv-corentin.app */;
			productType = "com.apple.product-type.application";
		};
		C7E70188235F31FF00D653DE /* cv-corentinTests */ = {
			isa = PBXNativeTarget;
			buildConfigurationList = C7E701A0235F31FF00D653DE /* Build configuration list for PBXNativeTarget "cv-corentinTests" */;
			buildPhases = (
				C7E70185235F31FF00D653DE /* Sources */,
				C7E70186235F31FF00D653DE /* Frameworks */,
				C7E70187235F31FF00D653DE /* Resources */,
			);
			buildRules = (
			);
			dependencies = (
				C7E7018B235F31FF00D653DE /* PBXTargetDependency */,
			);
			name = "cv-corentinTests";
			productName = "cv-corentinTests";
			productReference = C7E70189235F31FF00D653DE /* cv-corentinTests.xctest */;
			productType = "com.apple.product-type.bundle.unit-test";
		};
		C7E70193235F31FF00D653DE /* cv-corentinUITests */ = {
			isa = PBXNativeTarget;
			buildConfigurationList = C7E701A3235F31FF00D653DE /* Build configuration list for PBXNativeTarget "cv-corentinUITests" */;
			buildPhases = (
				C7E70190235F31FF00D653DE /* Sources */,
				C7E70191235F31FF00D653DE /* Frameworks */,
				C7E70192235F31FF00D653DE /* Resources */,
			);
			buildRules = (
			);
			dependencies = (
				C7E70196235F31FF00D653DE /* PBXTargetDependency */,
			);
			name = "cv-corentinUITests";
			productName = "cv-corentinUITests";
			productReference = C7E70194235F31FF00D653DE /* cv-corentinUITests.xctest */;
			productType = "com.apple.product-type.bundle.ui-testing";
		};
/* End PBXNativeTarget section */

/* Begin PBXProject section */
		C7E7016B235F31FE00D653DE /* Project object */ = {
			isa = PBXProject;
			attributes = {
				LastSwiftUpdateCheck = 1100;
				LastUpgradeCheck = 1100;
				ORGANIZATIONNAME = "Corentin Chateau";
				TargetAttributes = {
					C7E70172235F31FE00D653DE = {
						CreatedOnToolsVersion = 11.0;
					};
					C7E70188235F31FF00D653DE = {
						CreatedOnToolsVersion = 11.0;
						TestTargetID = C7E70172235F31FE00D653DE;
					};
					C7E70193235F31FF00D653DE = {
						CreatedOnToolsVersion = 11.0;
						TestTargetID = C7E70172235F31FE00D653DE;
					};
				};
			};
			buildConfigurationList = C7E7016E235F31FE00D653DE /* Build configuration list for PBXProject "cv-corentin" */;
			compatibilityVersion = "Xcode 9.3";
			developmentRegion = en;
			hasScannedForEncodings = 0;
			knownRegions = (
				en,
				Base,
			);
			mainGroup = C7E7016A235F31FE00D653DE;
			productRefGroup = C7E70174235F31FE00D653DE /* Products */;
			projectDirPath = "";
			projectRoot = "";
			targets = (
				C7E70172235F31FE00D653DE /* cv-corentin */,
				C7E70188235F31FF00D653DE /* cv-corentinTests */,
				C7E70193235F31FF00D653DE /* cv-corentinUITests */,
			);
		};
/* End PBXProject section */

/* Begin PBXResourcesBuildPhase section */
		C7E70171235F31FE00D653DE /* Resources */ = {
			isa = PBXResourcesBuildPhase;
			buildActionMask = 2147483647;
			files = (
				C745FDA22360478E0066A472 /* LaunchScreen.storyboard in Resources */,
				C7E70180235F31FF00D653DE /* Preview Assets.xcassets in Resources */,
				C7E7017D235F31FF00D653DE /* Assets.xcassets in Resources */,
			);
			runOnlyForDeploymentPostprocessing = 0;
		};
		C7E70187235F31FF00D653DE /* Resources */ = {
			isa = PBXResourcesBuildPhase;
			buildActionMask = 2147483647;
			files = (
			);
			runOnlyForDeploymentPostprocessing = 0;
		};
		C7E70192235F31FF00D653DE /* Resources */ = {
			isa = PBXResourcesBuildPhase;
			buildActionMask = 2147483647;
			files = (
			);
			runOnlyForDeploymentPostprocessing = 0;
		};
/* End PBXResourcesBuildPhase section */

/* Begin PBXSourcesBuildPhase section */
		C7E7016F235F31FE00D653DE /* Sources */ = {
			isa = PBXSourcesBuildPhase;
			buildActionMask = 2147483647;
			files = (
				C7E701A7235F339C00D653DE /* CustomTabBar.swift in Sources */,
				C7E70177235F31FE00D653DE /* AppDelegate.swift in Sources */,
			);
			runOnlyForDeploymentPostprocessing = 0;
		};
		C7E70185235F31FF00D653DE /* Sources */ = {
			isa = PBXSourcesBuildPhase;
			buildActionMask = 2147483647;
			files = (
				C7E7018E235F31FF00D653DE /* cv_corentinTests.swift in Sources */,
			);
			runOnlyForDeploymentPostprocessing = 0;
		};
		C7E70190235F31FF00D653DE /* Sources */ = {
			isa = PBXSourcesBuildPhase;
			buildActionMask = 2147483647;
			files = (
				C7E70199235F31FF00D653DE /* cv_corentinUITests.swift in Sources */,
			);
			runOnlyForDeploymentPostprocessing = 0;
		};
/* End PBXSourcesBuildPhase section */

/* Begin PBXTargetDependency section */
		C7E7018B235F31FF00D653DE /* PBXTargetDependency */ = {
			isa = PBXTargetDependency;
			target = C7E70172235F31FE00D653DE /* cv-corentin */;
			targetProxy = C7E7018A235F31FF00D653DE /* PBXContainerItemProxy */;
		};
		C7E70196235F31FF00D653DE /* PBXTargetDependency */ = {
			isa = PBXTargetDependency;
			target = C7E70172235F31FE00D653DE /* cv-corentin */;
			targetProxy = C7E70195235F31FF00D653DE /* PBXContainerItemProxy */;
		};
/* End PBXTargetDependency section */

/* Begin XCBuildConfiguration section */
		C7E7019B235F31FF00D653DE /* Debug */ = {
			isa = XCBuildConfiguration;
			buildSettings = {
				ALWAYS_SEARCH_USER_PATHS = NO;
				CLANG_ANALYZER_NONNULL = YES;
				CLANG_ANALYZER_NUMBER_OBJECT_CONVERSION = YES_AGGRESSIVE;
				CLANG_CXX_LANGUAGE_STANDARD = "gnu++14";
				CLANG_CXX_LIBRARY = "libc++";
				CLANG_ENABLE_MODULES = YES;
				CLANG_ENABLE_OBJC_ARC = YES;
				CLANG_ENABLE_OBJC_WEAK = YES;
				CLANG_WARN_BLOCK_CAPTURE_AUTORELEASING = YES;
				CLANG_WARN_BOOL_CONVERSION = YES;
				CLANG_WARN_COMMA = YES;
				CLANG_WARN_CONSTANT_CONVERSION = YES;
				CLANG_WARN_DEPRECATED_OBJC_IMPLEMENTATIONS = YES;
				CLANG_WARN_DIRECT_OBJC_ISA_USAGE = YES_ERROR;
				CLANG_WARN_DOCUMENTATION_COMMENTS = YES;
				CLANG_WARN_EMPTY_BODY = YES;
				CLANG_WARN_ENUM_CONVERSION = YES;
				CLANG_WARN_INFINITE_RECURSION = YES;
				CLANG_WARN_INT_CONVERSION = YES;
				CLANG_WARN_NON_LITERAL_NULL_CONVERSION = YES;
				CLANG_WARN_OBJC_IMPLICIT_RETAIN_SELF = YES;
				CLANG_WARN_OBJC_LITERAL_CONVERSION = YES;
				CLANG_WARN_OBJC_ROOT_CLASS = YES_ERROR;
				CLANG_WARN_RANGE_LOOP_ANALYSIS = YES;
				CLANG_WARN_STRICT_PROTOTYPES = YES;
				CLANG_WARN_SUSPICIOUS_MOVE = YES;
				CLANG_WARN_UNGUARDED_AVAILABILITY = YES_AGGRESSIVE;
				CLANG_WARN_UNREACHABLE_CODE = YES;
				CLANG_WARN__DUPLICATE_METHOD_MATCH = YES;
				COPY_PHASE_STRIP = NO;
				DEBUG_INFORMATION_FORMAT = dwarf;
				ENABLE_STRICT_OBJC_MSGSEND = YES;
				ENABLE_TESTABILITY = YES;
				GCC_C_LANGUAGE_STANDARD = gnu11;
				GCC_DYNAMIC_NO_PIC = NO;
				GCC_NO_COMMON_BLOCKS = YES;
				GCC_OPTIMIZATION_LEVEL = 0;
				GCC_PREPROCESSOR_DEFINITIONS = (
					"DEBUG=1",
					"$(inherited)",
				);
				GCC_WARN_64_TO_32_BIT_CONVERSION = YES;
				GCC_WARN_ABOUT_RETURN_TYPE = YES_ERROR;
				GCC_WARN_UNDECLARED_SELECTOR = YES;
				GCC_WARN_UNINITIALIZED_AUTOS = YES_AGGRESSIVE;
				GCC_WARN_UNUSED_FUNCTION = YES;
				GCC_WARN_UNUSED_VARIABLE = YES;
				IPHONEOS_DEPLOYMENT_TARGET = 13.0;
				MTL_ENABLE_DEBUG_INFO = INCLUDE_SOURCE;
				MTL_FAST_MATH = YES;
				ONLY_ACTIVE_ARCH = YES;
				SDKROOT = iphoneos;
				SWIFT_ACTIVE_COMPILATION_CONDITIONS = DEBUG;
				SWIFT_OPTIMIZATION_LEVEL = "-Onone";
			};
			name = Debug;
		};
		C7E7019C235F31FF00D653DE /* Release */ = {
			isa = XCBuildConfiguration;
			buildSettings = {
				ALWAYS_SEARCH_USER_PATHS = NO;
				CLANG_ANALYZER_NONNULL = YES;
				CLANG_ANALYZER_NUMBER_OBJECT_CONVERSION = YES_AGGRESSIVE;
				CLANG_CXX_LANGUAGE_STANDARD = "gnu++14";
				CLANG_CXX_LIBRARY = "libc++";
				CLANG_ENABLE_MODULES = YES;
				CLANG_ENABLE_OBJC_ARC = YES;
				CLANG_ENABLE_OBJC_WEAK = YES;
				CLANG_WARN_BLOCK_CAPTURE_AUTORELEASING = YES;
				CLANG_WARN_BOOL_CONVERSION = YES;
				CLANG_WARN_COMMA = YES;
				CLANG_WARN_CONSTANT_CONVERSION = YES;
				CLANG_WARN_DEPRECATED_OBJC_IMPLEMENTATIONS = YES;
				CLANG_WARN_DIRECT_OBJC_ISA_USAGE = YES_ERROR;
				CLANG_WARN_DOCUMENTATION_COMMENTS = YES;
				CLANG_WARN_EMPTY_BODY = YES;
				CLANG_WARN_ENUM_CONVERSION = YES;
				CLANG_WARN_INFINITE_RECURSION = YES;
				CLANG_WARN_INT_CONVERSION = YES;
				CLANG_WARN_NON_LITERAL_NULL_CONVERSION = YES;
				CLANG_WARN_OBJC_IMPLICIT_RETAIN_SELF = YES;
				CLANG_WARN_OBJC_LITERAL_CONVERSION = YES;
				CLANG_WARN_OBJC_ROOT_CLASS = YES_ERROR;
				CLANG_WARN_RANGE_LOOP_ANALYSIS = YES;
				CLANG_WARN_STRICT_PROTOTYPES = YES;
				CLANG_WARN_SUSPICIOUS_MOVE = YES;
				CLANG_WARN_UNGUARDED_AVAILABILITY = YES_AGGRESSIVE;
				CLANG_WARN_UNREACHABLE_CODE = YES;
				CLANG_WARN__DUPLICATE_METHOD_MATCH = YES;
				COPY_PHASE_STRIP = NO;
				DEBUG_INFORMATION_FORMAT = "dwarf-with-dsym";
				ENABLE_NS_ASSERTIONS = NO;
				ENABLE_STRICT_OBJC_MSGSEND = YES;
				GCC_C_LANGUAGE_STANDARD = gnu11;
				GCC_NO_COMMON_BLOCKS = YES;
				GCC_WARN_64_TO_32_BIT_CONVERSION = YES;
				GCC_WARN_ABOUT_RETURN_TYPE = YES_ERROR;
				GCC_WARN_UNDECLARED_SELECTOR = YES;
				GCC_WARN_UNINITIALIZED_AUTOS = YES_AGGRESSIVE;
				GCC_WARN_UNUSED_FUNCTION = YES;
				GCC_WARN_UNUSED_VARIABLE = YES;
				IPHONEOS_DEPLOYMENT_TARGET = 13.0;
				MTL_ENABLE_DEBUG_INFO = NO;
				MTL_FAST_MATH = YES;
				SDKROOT = iphoneos;
				SWIFT_COMPILATION_MODE = wholemodule;
				SWIFT_OPTIMIZATION_LEVEL = "-O";
				VALIDATE_PRODUCT = YES;
			};
			name = Release;
		};
		C7E7019E235F31FF00D653DE /* Debug */ = {
			isa = XCBuildConfiguration;
			buildSettings = {
				ASSETCATALOG_COMPILER_APPICON_NAME = AppIcon;
				CODE_SIGN_IDENTITY = "Apple Development";
				CODE_SIGN_STYLE = Automatic;
				DEVELOPMENT_ASSET_PATHS = "\"cv-corentin/Preview Content\"";
				DEVELOPMENT_TEAM = 43Y4VBW3J3;
				ENABLE_PREVIEWS = YES;
				INFOPLIST_FILE = "cv-corentin/Info.plist";
				LD_RUNPATH_SEARCH_PATHS = (
					"$(inherited)",
					"@executable_path/Frameworks",
				);
				PRODUCT_BUNDLE_IDENTIFIER = "com.moustash.apps.cv-corentin";
				PRODUCT_NAME = "$(TARGET_NAME)";
				PROVISIONING_PROFILE_SPECIFIER = "";
				SWIFT_VERSION = 5.0;
				TARGETED_DEVICE_FAMILY = "1,2";
			};
			name = Debug;
		};
		C7E7019F235F31FF00D653DE /* Release */ = {
			isa = XCBuildConfiguration;
			buildSettings = {
				ASSETCATALOG_COMPILER_APPICON_NAME = AppIcon;
				CODE_SIGN_IDENTITY = "Apple Development";
				CODE_SIGN_STYLE = Automatic;
				DEVELOPMENT_ASSET_PATHS = "\"cv-corentin/Preview Content\"";
				DEVELOPMENT_TEAM = 43Y4VBW3J3;
				ENABLE_PREVIEWS = YES;
				INFOPLIST_FILE = "cv-corentin/Info.plist";
				LD_RUNPATH_SEARCH_PATHS = (
					"$(inherited)",
					"@executable_path/Frameworks",
				);
				PRODUCT_BUNDLE_IDENTIFIER = "com.moustash.apps.cv-corentin";
				PRODUCT_NAME = "$(TARGET_NAME)";
				PROVISIONING_PROFILE_SPECIFIER = "";
				SWIFT_VERSION = 5.0;
				TARGETED_DEVICE_FAMILY = "1,2";
			};
			name = Release;
		};
		C7E701A1235F31FF00D653DE /* Debug */ = {
			isa = XCBuildConfiguration;
			buildSettings = {
				ALWAYS_EMBED_SWIFT_STANDARD_LIBRARIES = YES;
				BUNDLE_LOADER = "$(TEST_HOST)";
				CODE_SIGN_STYLE = Automatic;
				INFOPLIST_FILE = "cv-corentinTests/Info.plist";
				IPHONEOS_DEPLOYMENT_TARGET = 13.0;
				LD_RUNPATH_SEARCH_PATHS = (
					"$(inherited)",
					"@executable_path/Frameworks",
					"@loader_path/Frameworks",
				);
				PRODUCT_BUNDLE_IDENTIFIER = "com.moustash.apps.cv-corentinTests";
				PRODUCT_NAME = "$(TARGET_NAME)";
				SWIFT_VERSION = 5.0;
				TARGETED_DEVICE_FAMILY = "1,2";
				TEST_HOST = "$(BUILT_PRODUCTS_DIR)/cv-corentin.app/cv-corentin";
			};
			name = Debug;
		};
		C7E701A2235F31FF00D653DE /* Release */ = {
			isa = XCBuildConfiguration;
			buildSettings = {
				ALWAYS_EMBED_SWIFT_STANDARD_LIBRARIES = YES;
				BUNDLE_LOADER = "$(TEST_HOST)";
				CODE_SIGN_STYLE = Automatic;
				INFOPLIST_FILE = "cv-corentinTests/Info.plist";
				IPHONEOS_DEPLOYMENT_TARGET = 13.0;
				LD_RUNPATH_SEARCH_PATHS = (
					"$(inherited)",
					"@executable_path/Frameworks",
					"@loader_path/Frameworks",
				);
				PRODUCT_BUNDLE_IDENTIFIER = "com.moustash.apps.cv-corentinTests";
				PRODUCT_NAME = "$(TARGET_NAME)";
				SWIFT_VERSION = 5.0;
				TARGETED_DEVICE_FAMILY = "1,2";
				TEST_HOST = "$(BUILT_PRODUCTS_DIR)/cv-corentin.app/cv-corentin";
			};
			name = Release;
		};
		C7E701A4235F31FF00D653DE /* Debug */ = {
			isa = XCBuildConfiguration;
			buildSettings = {
				ALWAYS_EMBED_SWIFT_STANDARD_LIBRARIES = YES;
				CODE_SIGN_STYLE = Automatic;
				INFOPLIST_FILE = "cv-corentinUITests/Info.plist";
				LD_RUNPATH_SEARCH_PATHS = (
					"$(inherited)",
					"@executable_path/Frameworks",
					"@loader_path/Frameworks",
				);
				PRODUCT_BUNDLE_IDENTIFIER = "com.moustash.apps.cv-corentinUITests";
				PRODUCT_NAME = "$(TARGET_NAME)";
				SWIFT_VERSION = 5.0;
				TARGETED_DEVICE_FAMILY = "1,2";
				TEST_TARGET_NAME = "cv-corentin";
			};
			name = Debug;
		};
		C7E701A5235F31FF00D653DE /* Release */ = {
			isa = XCBuildConfiguration;
			buildSettings = {
				ALWAYS_EMBED_SWIFT_STANDARD_LIBRARIES = YES;
				CODE_SIGN_STYLE = Automatic;
				INFOPLIST_FILE = "cv-corentinUITests/Info.plist";
				LD_RUNPATH_SEARCH_PATHS = (
					"$(inherited)",
					"@executable_path/Frameworks",
					"@loader_path/Frameworks",
				);
				PRODUCT_BUNDLE_IDENTIFIER = "com.moustash.apps.cv-corentinUITests";
				PRODUCT_NAME = "$(TARGET_NAME)";
				SWIFT_VERSION = 5.0;
				TARGETED_DEVICE_FAMILY = "1,2";
				TEST_TARGET_NAME = "cv-corentin";
			};
			name = Release;
		};
/* End XCBuildConfiguration section */

/* Begin XCConfigurationList section */
		C7E7016E235F31FE00D653DE /* Build configuration list for PBXProject "cv-corentin" */ = {
			isa = XCConfigurationList;
			buildConfigurations = (
				C7E7019B235F31FF00D653DE /* Debug */,
				C7E7019C235F31FF00D653DE /* Release */,
			);
			defaultConfigurationIsVisible = 0;
			defaultConfigurationName = Release;
		};
		C7E7019D235F31FF00D653DE /* Build configuration list for PBXNativeTarget "cv-corentin" */ = {
			isa = XCConfigurationList;
			buildConfigurations = (
				C7E7019E235F31FF00D653DE /* Debug */,
				C7E7019F235F31FF00D653DE /* Release */,
			);
			defaultConfigurationIsVisible = 0;
			defaultConfigurationName = Release;
		};
		C7E701A0235F31FF00D653DE /* Build configuration list for PBXNativeTarget "cv-corentinTests" */ = {
			isa = XCConfigurationList;
			buildConfigurations = (
				C7E701A1235F31FF00D653DE /* Debug */,
				C7E701A2235F31FF00D653DE /* Release */,
			);
			defaultConfigurationIsVisible = 0;
			defaultConfigurationName = Release;
		};
		C7E701A3235F31FF00D653DE /* Build configuration list for PBXNativeTarget "cv-corentinUITests" */ = {
			isa = XCConfigurationList;
			buildConfigurations = (
				C7E701A4235F31FF00D653DE /* Debug */,
				C7E701A5235F31FF00D653DE /* Release */,
			);
			defaultConfigurationIsVisible = 0;
			defaultConfigurationName = Release;
		};
/* End XCConfigurationList section */
	};
	rootObject = C7E7016B235F31FE00D653DE /* Project object */;
}
